
Microsoft Visual Studio Solution File, Format Version 12.00
# Visual Studio Version 17
VisualStudioVersion = 17.0.31903.59
MinimumVisualStudioVersion = 10.0.40219.1
Project("{FAE04EC0-301F-11D3-BF4B-00C04F79EFBC}") = "MiniGame", "MiniGame\MiniGame.csproj", "{9107477E-C2B0-411D-BB86-40D0154F7C72}"
EndProject
Project("{FAE04EC0-301F-11D3-BF4B-00C04F79EFBC}") = "GameUnits", "GameUnits\GameUnits.csproj", "{5C70410B-DDB8-4184-890A-A506C2A33EE9}"
EndProject
Project("{FAE04EC0-301F-11D3-BF4B-00C04F79EFBC}") = "OverrideVsNew", "OverrideVsNew\OverrideVsNew.csproj", "{AC8DF946-F017-444F-A2E1-8455EA0A6E6D}"
EndProject
Project("{FAE04EC0-301F-11D3-BF4B-00C04F79EFBC}") = "Polimorfismo", "Polimorfismo\Polimorfismo.csproj", "{F2BA3CF6-8C45-457F-97A0-A1C770796472}"
EndProject
Project("{FAE04EC0-301F-11D3-BF4B-00C04F79EFBC}") = "ClassVsStruct", "ClassVsStruct\ClassVsStruct.csproj", "{896BEA64-E383-4DCF-BD06-FCA1237480B6}"
EndProject
Project("{FAE04EC0-301F-11D3-BF4B-00C04F79EFBC}") = "StructWithRef", "StructWithRef\StructWithRef.csproj", "{17408884-5DB4-4B6F-9669-324936F30171}"
EndProject
Global
	GlobalSection(SolutionConfigurationPlatforms) = preSolution
		Debug|Any CPU = Debug|Any CPU
		Release|Any CPU = Release|Any CPU
	EndGlobalSection
	GlobalSection(SolutionProperties) = preSolution
		HideSolutionNode = FALSE
	EndGlobalSection
	GlobalSection(ProjectConfigurationPlatforms) = postSolution
		{9107477E-C2B0-411D-BB86-40D0154F7C72}.Debug|Any CPU.ActiveCfg = Debug|Any CPU
		{9107477E-C2B0-411D-BB86-40D0154F7C72}.Debug|Any CPU.Build.0 = Debug|Any CPU
		{9107477E-C2B0-411D-BB86-40D0154F7C72}.Release|Any CPU.ActiveCfg = Release|Any CPU
		{9107477E-C2B0-411D-BB86-40D0154F7C72}.Release|Any CPU.Build.0 = Release|Any CPU
		{5C70410B-DDB8-4184-890A-A506C2A33EE9}.Debug|Any CPU.ActiveCfg = Debug|Any CPU
		{5C70410B-DDB8-4184-890A-A506C2A33EE9}.Debug|Any CPU.Build.0 = Debug|Any CPU
		{5C70410B-DDB8-4184-890A-A506C2A33EE9}.Release|Any CPU.ActiveCfg = Release|Any CPU
		{5C70410B-DDB8-4184-890A-A506C2A33EE9}.Release|Any CPU.Build.0 = Release|Any CPU
		{AC8DF946-F017-444F-A2E1-8455EA0A6E6D}.Debug|Any CPU.ActiveCfg = Debug|Any CPU
		{AC8DF946-F017-444F-A2E1-8455EA0A6E6D}.Debug|Any CPU.Build.0 = Debug|Any CPU
		{AC8DF946-F017-444F-A2E1-8455EA0A6E6D}.Release|Any CPU.ActiveCfg = Release|Any CPU
		{AC8DF946-F017-444F-A2E1-8455EA0A6E6D}.Release|Any CPU.Build.0 = Release|Any CPU
		{F2BA3CF6-8C45-457F-97A0-A1C770796472}.Debug|Any CPU.ActiveCfg = Debug|Any CPU
		{F2BA3CF6-8C45-457F-97A0-A1C770796472}.Debug|Any CPU.Build.0 = Debug|Any CPU
		{F2BA3CF6-8C45-457F-97A0-A1C770796472}.Release|Any CPU.ActiveCfg = Release|Any CPU
		{F2BA3CF6-8C45-457F-97A0-A1C770796472}.Release|Any CPU.Build.0 = Release|Any CPU
		{896BEA64-E383-4DCF-BD06-FCA1237480B6}.Debug|Any CPU.ActiveCfg = Debug|Any CPU
		{896BEA64-E383-4DCF-BD06-FCA1237480B6}.Debug|Any CPU.Build.0 = Debug|Any CPU
		{896BEA64-E383-4DCF-BD06-FCA1237480B6}.Release|Any CPU.ActiveCfg = Release|Any CPU
		{896BEA64-E383-4DCF-BD06-FCA1237480B6}.Release|Any CPU.Build.0 = Release|Any CPU
		{17408884-5DB4-4B6F-9669-324936F30171}.Debug|Any CPU.ActiveCfg = Debug|Any CPU
		{17408884-5DB4-4B6F-9669-324936F30171}.Debug|Any CPU.Build.0 = Debug|Any CPU
		{17408884-5DB4-4B6F-9669-324936F30171}.Release|Any CPU.ActiveCfg = Release|Any CPU
		{17408884-5DB4-4B6F-9669-324936F30171}.Release|Any CPU.Build.0 = Release|Any CPU
	EndGlobalSection
EndGlobal
